# THIS IS AN AUTOGENERATED FILE. DO NOT EDIT THIS FILE DIRECTLY.
# yarn lockfile v1


"@openapitools/openapi-generator-cli@^0.0.8-4.0.0-beta2":
  version "0.0.8-4.0.0-beta2"
  resolved "https://registry.yarnpkg.com/@openapitools/openapi-generator-cli/-/openapi-generator-cli-0.0.8-4.0.0-beta2.tgz#a4d1c566c21a705b2c4c9dacfd4fcb682b60fab3"
  integrity sha512-o+4dbwST1qHOpc0zcJJL+XVQ356ZygNSwh0VBV0gef0rgLLvwVxziQH3N2AHzbTyrfltaK6LvCiGYi5HLrqZKw==
